{
  "nodes": {
    "nixpkgs": {
      "locked": {
        "lastModified": 1773228620,
        "narHash": "sha256-gXIiGEO836pYxN1/YoI8O/evBb0QzQXr6MCMk3tX7nk=",
        "owner": "NixOS",
        "repo": "nixpkgs",
        "rev": "870a442b820be7162455faa9716134eee0168223",
        "type": "github"
      },
      "original": {
        "owner": "NixOS",
        "repo": "nixpkgs",
        "rev": "870a442b820be7162455faa9716134eee0168223",
        "type": "github"
      }
    },
    "root": {
      "inputs": {
        "nixpkgs": "nixpkgs"
      }
    }
  },
  "root": "root",
  "version": 7
}
