{
  "nodes": {
    "agent-skills": {
      "inputs": {
        "home-manager": "home-manager",
        "nixpkgs": "nixpkgs"
      },
      "locked": {
        "lastModified": 1774607140,
        "narHash": "sha256-0P89BLGEzRUumWKSOEayi+Dal6mIlVumlBgcyk5Qo6s=",
        "owner": "Kyure-A",
        "repo": "agent-skills-nix",
        "rev": "e29bef0e9e56c4cc683cead15a6eda1d6fb1074e",
        "type": "github"
      },
      "original": {
        "owner": "Kyure-A",
        "repo": "agent-skills-nix",
        "type": "github"
      }
    },
    "home-manager": {
      "inputs": {
        "nixpkgs": [
          "agent-skills",
          "nixpkgs"
        ]
      },
      "locked": {
        "lastModified": 1773608492,
        "narHash": "sha256-QZteyExJYSQzgxqdsesDPbQgjctGG7iKV/6ooyQPITk=",
        "owner": "nix-community",
        "repo": "home-manager",
        "rev": "9a40ec3b78fc688d0908485887d355caa5666d18",
        "type": "github"
      },
      "original": {
        "owner": "nix-community",
        "repo": "home-manager",
        "type": "github"
      }
    },
    "nixpkgs": {
      "locked": {
        "lastModified": 1773520392,
        "narHash": "sha256-Ra3l8zI7AYwaCxXcU4An8jAC1hhz/TEleXboJhWaBwY=",
        "owner": "NixOS",
        "repo": "nixpkgs",
        "rev": "f59e980846fe86cd831899cd032fdbd1d6054086",
        "type": "github"
      },
      "original": {
        "owner": "NixOS",
        "ref": "nixos-unstable",
        "repo": "nixpkgs",
        "type": "github"
      }
    },
    "root": {
      "inputs": {
        "agent-skills": "agent-skills",
        "shadcn-ui": "shadcn-ui",
        "softaworks-toolkit": "softaworks-toolkit",
        "vercel-agent-browser": "vercel-agent-browser"
      }
    },
    "shadcn-ui": {
      "flake": false,
      "locked": {
        "lastModified": 1775697198,
        "narHash": "sha256-UVWI0P6ZVI8RcpIDjaB63ijZ4VGFvS9Elhagt9RAjAY=",
        "owner": "shadcn-ui",
        "repo": "ui",
        "rev": "fc62d5781d2927242fc5ed6c1011fca7290fbde1",
        "type": "github"
      },
      "original": {
        "owner": "shadcn-ui",
        "repo": "ui",
        "type": "github"
      }
    },
    "softaworks-toolkit": {
      "flake": false,
      "locked": {
        "lastModified": 1772729184,
        "narHash": "sha256-1q4IP55kvZhJibTLJct0SSifw46lBmAQhp9nSmDzYxs=",
        "owner": "softaworks",
        "repo": "agent-toolkit",
        "rev": "3027f20f3181758385a1bb8c022d4041dfb4de84",
        "type": "github"
      },
      "original": {
        "owner": "softaworks",
        "repo": "agent-toolkit",
        "type": "github"
      }
    },
    "vercel-agent-browser": {
      "flake": false,
      "locked": {
        "lastModified": 1775718452,
        "narHash": "sha256-U0GMX91tAedqf1M0EBKEFgCFObB3acosmYGY2XtkvHU=",
        "owner": "vercel-labs",
        "repo": "agent-browser",
        "rev": "fa043a496f7579680c78b22d0a5015f48dc99a4d",
        "type": "github"
      },
      "original": {
        "owner": "vercel-labs",
        "repo": "agent-browser",
        "type": "github"
      }
    }
  },
  "root": "root",
  "version": 7
}
