{
  "nodes": {
    "agent-skills": {
      "inputs": {
        "home-manager": "home-manager",
        "nixpkgs": "nixpkgs"
      },
      "locked": {
        "lastModified": 1776741567,
        "narHash": "sha256-TbTToAtfQBhMr85xQOQ1ZJggnt6bt8eU1RW6zxHT1rQ=",
        "owner": "Kyure-A",
        "repo": "agent-skills-nix",
        "rev": "bb2ababb31f83be94eefe76009602c926025cafb",
        "type": "github"
      },
      "original": {
        "owner": "Kyure-A",
        "repo": "agent-skills-nix",
        "type": "github"
      }
    },
    "anthropics-skills": {
      "flake": false,
      "locked": {
        "lastModified": 1776964038,
        "narHash": "sha256-xFsg66TCtKzSgRIW6Ab771FWEIhei3jPgfE4byMiB44=",
        "owner": "anthropics",
        "repo": "skills",
        "rev": "5128e1865d670f5d6c9cef000e6dfc4e951fb5b9",
        "type": "github"
      },
      "original": {
        "owner": "anthropics",
        "repo": "skills",
        "type": "github"
      }
    },
    "home-manager": {
      "inputs": {
        "nixpkgs": [
          "agent-skills",
          "nixpkgs"
        ]
      },
      "locked": {
        "lastModified": 1776657094,
        "narHash": "sha256-tqTMK+nr4kXUrErteg/1hrQ816Ss7+2RsPNYZiVpf0I=",
        "owner": "nix-community",
        "repo": "home-manager",
        "rev": "29f355a7338f30f32142f4ff44e805d47d0086b1",
        "type": "github"
      },
      "original": {
        "owner": "nix-community",
        "repo": "home-manager",
        "type": "github"
      }
    },
    "nixpkgs": {
      "locked": {
        "lastModified": 1776169885,
        "narHash": "sha256-l/iNYDZ4bGOAFQY2q8y5OAfBBtrDAaPuRQqWaFHVRXM=",
        "owner": "NixOS",
        "repo": "nixpkgs",
        "rev": "4bd9165a9165d7b5e33ae57f3eecbcb28fb231c9",
        "type": "github"
      },
      "original": {
        "owner": "NixOS",
        "ref": "nixos-unstable",
        "repo": "nixpkgs",
        "type": "github"
      }
    },
    "root": {
      "inputs": {
        "agent-skills": "agent-skills",
        "anthropics-skills": "anthropics-skills",
        "shadcn-ui": "shadcn-ui",
        "softaworks-toolkit": "softaworks-toolkit",
        "vercel-agent-browser": "vercel-agent-browser"
      }
    },
    "shadcn-ui": {
      "flake": false,
      "locked": {
        "lastModified": 1777113596,
        "narHash": "sha256-OWdP2lFXjI3RNNZujZTp7WblDvZU69u56loIxIYvCE0=",
        "owner": "shadcn-ui",
        "repo": "ui",
        "rev": "0126502236750ce2d68b99517f14c6a307843a76",
        "type": "github"
      },
      "original": {
        "owner": "shadcn-ui",
        "repo": "ui",
        "type": "github"
      }
    },
    "softaworks-toolkit": {
      "flake": false,
      "locked": {
        "lastModified": 1772729184,
        "narHash": "sha256-1q4IP55kvZhJibTLJct0SSifw46lBmAQhp9nSmDzYxs=",
        "owner": "softaworks",
        "repo": "agent-toolkit",
        "rev": "3027f20f3181758385a1bb8c022d4041dfb4de84",
        "type": "github"
      },
      "original": {
        "owner": "softaworks",
        "repo": "agent-toolkit",
        "type": "github"
      }
    },
    "vercel-agent-browser": {
      "flake": false,
      "locked": {
        "lastModified": 1776719567,
        "narHash": "sha256-DmlTsY0qYDmJrVUNLLe+FTkstmTdnmLAeXa0lu7fkto=",
        "owner": "vercel-labs",
        "repo": "agent-browser",
        "rev": "57405f93614fae46e5c955ce662b4785283e1301",
        "type": "github"
      },
      "original": {
        "owner": "vercel-labs",
        "repo": "agent-browser",
        "type": "github"
      }
    }
  },
  "root": "root",
  "version": 7
}
